
Microsoft Visual Studio Solution File, Format Version 12.00
# Visual Studio Version 17
VisualStudioVersion = 17.0.31903.59
MinimumVisualStudioVersion = 10.0.40219.1
Project("{FAE04EC0-301F-11D3-BF4B-00C04F79EFBC}") = "MockAPI", "MockAPI\MockAPI.csproj", "{483C432D-EEF5-437C-A5D8-71246022085E}"
EndProject
Project("{FAE04EC0-301F-11D3-BF4B-00C04F79EFBC}") = "MockAPI.Tests", "MockAPI.Tests\MockAPI.Tests.csproj", "{A2C2E736-A841-4BB5-A51A-39C385415F85}"
EndProject
Global
	GlobalSection(SolutionConfigurationPlatforms) = preSolution
		Debug|Any CPU = Debug|Any CPU
		Release|Any CPU = Release|Any CPU
	EndGlobalSection
	GlobalSection(SolutionProperties) = preSolution
		HideSolutionNode = FALSE
	EndGlobalSection
	GlobalSection(ProjectConfigurationPlatforms) = postSolution
		{483C432D-EEF5-437C-A5D8-71246022085E}.Debug|Any CPU.ActiveCfg = Debug|Any CPU
		{483C432D-EEF5-437C-A5D8-71246022085E}.Debug|Any CPU.Build.0 = Debug|Any CPU
		{483C432D-EEF5-437C-A5D8-71246022085E}.Release|Any CPU.ActiveCfg = Release|Any CPU
		{483C432D-EEF5-437C-A5D8-71246022085E}.Release|Any CPU.Build.0 = Release|Any CPU
		{A2C2E736-A841-4BB5-A51A-39C385415F85}.Debug|Any CPU.ActiveCfg = Debug|Any CPU
		{A2C2E736-A841-4BB5-A51A-39C385415F85}.Debug|Any CPU.Build.0 = Debug|Any CPU
		{A2C2E736-A841-4BB5-A51A-39C385415F85}.Release|Any CPU.ActiveCfg = Release|Any CPU
		{A2C2E736-A841-4BB5-A51A-39C385415F85}.Release|Any CPU.Build.0 = Release|Any CPU
	EndGlobalSection
EndGlobal
