
Microsoft Visual Studio Solution File, Format Version 12.00
# Visual Studio Version 17
VisualStudioVersion = 17.6.33617.297
MinimumVisualStudioVersion = 10.0.40219.1
Project("{FAE04EC0-301F-11D3-BF4B-00C04F79EFBC}") = "StudentApp.API", "StudentApp.API\StudentApp.API.csproj", "{C17493F0-3469-417F-A26D-73013F5E4C41}"
EndProject
Global
	GlobalSection(SolutionConfigurationPlatforms) = preSolution
		Debug|Any CPU = Debug|Any CPU
		Release|Any CPU = Release|Any CPU
	EndGlobalSection
	GlobalSection(ProjectConfigurationPlatforms) = postSolution
		{C17493F0-3469-417F-A26D-73013F5E4C41}.Debug|Any CPU.ActiveCfg = Debug|Any CPU
		{C17493F0-3469-417F-A26D-73013F5E4C41}.Debug|Any CPU.Build.0 = Debug|Any CPU
		{C17493F0-3469-417F-A26D-73013F5E4C41}.Release|Any CPU.ActiveCfg = Release|Any CPU
		{C17493F0-3469-417F-A26D-73013F5E4C41}.Release|Any CPU.Build.0 = Release|Any CPU
	EndGlobalSection
	GlobalSection(SolutionProperties) = preSolution
		HideSolutionNode = FALSE
	EndGlobalSection
	GlobalSection(ExtensibilityGlobals) = postSolution
		SolutionGuid = {C0496780-DDE7-4744-9BB5-406E32D55E52}
	EndGlobalSection
EndGlobal
